
Microsoft Visual Studio Solution File, Format Version 12.00
# Visual Studio 15
VisualStudioVersion = 15.0.27130.2027
MinimumVisualStudioVersion = 10.0.40219.1
Project("{FAE04EC0-301F-11D3-BF4B-00C04F79EFBC}") = "MethodDispatch", "MethodDispatch\MethodDispatch.csproj", "{87CAF4F2-2350-4055-A256-2CFC032A47F4}"
EndProject
Project("{FAE04EC0-301F-11D3-BF4B-00C04F79EFBC}") = "Delegates", "Delegates\Delegates.csproj", "{66CF36EB-A843-4934-83F6-61EB8EB9BB92}"
EndProject
Global
	GlobalSection(SolutionConfigurationPlatforms) = preSolution
		Debug|Any CPU = Debug|Any CPU
		Release|Any CPU = Release|Any CPU
	EndGlobalSection
	GlobalSection(ProjectConfigurationPlatforms) = postSolution
		{87CAF4F2-2350-4055-A256-2CFC032A47F4}.Debug|Any CPU.ActiveCfg = Debug|Any CPU
		{87CAF4F2-2350-4055-A256-2CFC032A47F4}.Debug|Any CPU.Build.0 = Debug|Any CPU
		{87CAF4F2-2350-4055-A256-2CFC032A47F4}.Release|Any CPU.ActiveCfg = Release|Any CPU
		{87CAF4F2-2350-4055-A256-2CFC032A47F4}.Release|Any CPU.Build.0 = Release|Any CPU
		{66CF36EB-A843-4934-83F6-61EB8EB9BB92}.Debug|Any CPU.ActiveCfg = Debug|Any CPU
		{66CF36EB-A843-4934-83F6-61EB8EB9BB92}.Debug|Any CPU.Build.0 = Debug|Any CPU
		{66CF36EB-A843-4934-83F6-61EB8EB9BB92}.Release|Any CPU.ActiveCfg = Release|Any CPU
		{66CF36EB-A843-4934-83F6-61EB8EB9BB92}.Release|Any CPU.Build.0 = Release|Any CPU
	EndGlobalSection
	GlobalSection(SolutionProperties) = preSolution
		HideSolutionNode = FALSE
	EndGlobalSection
	GlobalSection(ExtensibilityGlobals) = postSolution
		SolutionGuid = {50EC79D8-941B-4A5A-9B78-BC4FDB0A8DBB}
	EndGlobalSection
EndGlobal
