
Microsoft Visual Studio Solution File, Format Version 12.00
# Visual Studio 15
VisualStudioVersion = 15.0.27130.2027
MinimumVisualStudioVersion = 10.0.40219.1
Project("{FAE04EC0-301F-11D3-BF4B-00C04F79EFBC}") = "Yield_and_Using", "Yield_and_Using\Yield_and_Using.csproj", "{0CF62809-9AA4-467F-9DB2-17338D4D58BA}"
EndProject
Project("{FAE04EC0-301F-11D3-BF4B-00C04F79EFBC}") = "FinalizeDemo", "FinalizeDemo\FinalizeDemo.csproj", "{D2AAEF42-3599-4747-AD77-441CDDCD56F2}"
EndProject
Project("{FAE04EC0-301F-11D3-BF4B-00C04F79EFBC}") = "WeakReferenceDemo", "WeakReferenceDemo\WeakReferenceDemo.csproj", "{2F62C147-4DE2-4BAF-B2AA-449F0E3C2102}"
EndProject
Global
	GlobalSection(SolutionConfigurationPlatforms) = preSolution
		Debug|Any CPU = Debug|Any CPU
		Release|Any CPU = Release|Any CPU
	EndGlobalSection
	GlobalSection(ProjectConfigurationPlatforms) = postSolution
		{0CF62809-9AA4-467F-9DB2-17338D4D58BA}.Debug|Any CPU.ActiveCfg = Debug|Any CPU
		{0CF62809-9AA4-467F-9DB2-17338D4D58BA}.Debug|Any CPU.Build.0 = Debug|Any CPU
		{0CF62809-9AA4-467F-9DB2-17338D4D58BA}.Release|Any CPU.ActiveCfg = Release|Any CPU
		{0CF62809-9AA4-467F-9DB2-17338D4D58BA}.Release|Any CPU.Build.0 = Release|Any CPU
		{D2AAEF42-3599-4747-AD77-441CDDCD56F2}.Debug|Any CPU.ActiveCfg = Debug|Any CPU
		{D2AAEF42-3599-4747-AD77-441CDDCD56F2}.Debug|Any CPU.Build.0 = Debug|Any CPU
		{D2AAEF42-3599-4747-AD77-441CDDCD56F2}.Release|Any CPU.ActiveCfg = Release|Any CPU
		{D2AAEF42-3599-4747-AD77-441CDDCD56F2}.Release|Any CPU.Build.0 = Release|Any CPU
		{2F62C147-4DE2-4BAF-B2AA-449F0E3C2102}.Debug|Any CPU.ActiveCfg = Debug|Any CPU
		{2F62C147-4DE2-4BAF-B2AA-449F0E3C2102}.Debug|Any CPU.Build.0 = Debug|Any CPU
		{2F62C147-4DE2-4BAF-B2AA-449F0E3C2102}.Release|Any CPU.ActiveCfg = Release|Any CPU
		{2F62C147-4DE2-4BAF-B2AA-449F0E3C2102}.Release|Any CPU.Build.0 = Release|Any CPU
	EndGlobalSection
	GlobalSection(SolutionProperties) = preSolution
		HideSolutionNode = FALSE
	EndGlobalSection
	GlobalSection(ExtensibilityGlobals) = postSolution
		SolutionGuid = {CFB8C723-F13B-4F18-82E4-FDD333A23E1D}
	EndGlobalSection
EndGlobal
