
Microsoft Visual Studio Solution File, Format Version 12.00
# Visual Studio 15
VisualStudioVersion = 15.0.27130.2027
MinimumVisualStudioVersion = 10.0.40219.1
Project("{FAE04EC0-301F-11D3-BF4B-00C04F79EFBC}") = "FirstDelegate", "FirstDelegate\FirstDelegate.csproj", "{04D2AAAC-CBC1-4F5E-A55C-C6352CD5C90D}"
EndProject
Project("{FAE04EC0-301F-11D3-BF4B-00C04F79EFBC}") = "NBench", "NBench\NBench.csproj", "{819BA7EA-0295-4BCF-BF4B-693CC172425C}"
EndProject
Global
	GlobalSection(SolutionConfigurationPlatforms) = preSolution
		Debug|Any CPU = Debug|Any CPU
		Release|Any CPU = Release|Any CPU
	EndGlobalSection
	GlobalSection(ProjectConfigurationPlatforms) = postSolution
		{04D2AAAC-CBC1-4F5E-A55C-C6352CD5C90D}.Debug|Any CPU.ActiveCfg = Debug|Any CPU
		{04D2AAAC-CBC1-4F5E-A55C-C6352CD5C90D}.Debug|Any CPU.Build.0 = Debug|Any CPU
		{04D2AAAC-CBC1-4F5E-A55C-C6352CD5C90D}.Release|Any CPU.ActiveCfg = Release|Any CPU
		{04D2AAAC-CBC1-4F5E-A55C-C6352CD5C90D}.Release|Any CPU.Build.0 = Release|Any CPU
		{819BA7EA-0295-4BCF-BF4B-693CC172425C}.Debug|Any CPU.ActiveCfg = Debug|Any CPU
		{819BA7EA-0295-4BCF-BF4B-693CC172425C}.Debug|Any CPU.Build.0 = Debug|Any CPU
		{819BA7EA-0295-4BCF-BF4B-693CC172425C}.Release|Any CPU.ActiveCfg = Release|Any CPU
		{819BA7EA-0295-4BCF-BF4B-693CC172425C}.Release|Any CPU.Build.0 = Release|Any CPU
	EndGlobalSection
	GlobalSection(SolutionProperties) = preSolution
		HideSolutionNode = FALSE
	EndGlobalSection
	GlobalSection(ExtensibilityGlobals) = postSolution
		SolutionGuid = {25DEA772-4D1A-4A77-B6BE-85BAA6207A1D}
	EndGlobalSection
EndGlobal
