
Microsoft Visual Studio Solution File, Format Version 12.00
# Visual Studio 15
VisualStudioVersion = 15.0.27130.2027
MinimumVisualStudioVersion = 10.0.40219.1
Project("{FAE04EC0-301F-11D3-BF4B-00C04F79EFBC}") = "Roots", "Roots\Roots.csproj", "{3DEB4B90-FA63-478C-ADBE-9001B03557C5}"
EndProject
Project("{FAE04EC0-301F-11D3-BF4B-00C04F79EFBC}") = "ManagedHeap", "ManagedHeap\ManagedHeap.csproj", "{E3D8185D-10BA-43FB-A07D-A11504CF2858}"
EndProject
Global
	GlobalSection(SolutionConfigurationPlatforms) = preSolution
		Debug|Any CPU = Debug|Any CPU
		Release|Any CPU = Release|Any CPU
	EndGlobalSection
	GlobalSection(ProjectConfigurationPlatforms) = postSolution
		{3DEB4B90-FA63-478C-ADBE-9001B03557C5}.Debug|Any CPU.ActiveCfg = Debug|Any CPU
		{3DEB4B90-FA63-478C-ADBE-9001B03557C5}.Debug|Any CPU.Build.0 = Debug|Any CPU
		{3DEB4B90-FA63-478C-ADBE-9001B03557C5}.Release|Any CPU.ActiveCfg = Release|Any CPU
		{3DEB4B90-FA63-478C-ADBE-9001B03557C5}.Release|Any CPU.Build.0 = Release|Any CPU
		{E3D8185D-10BA-43FB-A07D-A11504CF2858}.Debug|Any CPU.ActiveCfg = Debug|Any CPU
		{E3D8185D-10BA-43FB-A07D-A11504CF2858}.Debug|Any CPU.Build.0 = Debug|Any CPU
		{E3D8185D-10BA-43FB-A07D-A11504CF2858}.Release|Any CPU.ActiveCfg = Release|Any CPU
		{E3D8185D-10BA-43FB-A07D-A11504CF2858}.Release|Any CPU.Build.0 = Release|Any CPU
	EndGlobalSection
	GlobalSection(SolutionProperties) = preSolution
		HideSolutionNode = FALSE
	EndGlobalSection
	GlobalSection(ExtensibilityGlobals) = postSolution
		SolutionGuid = {998E9D10-EB13-429D-AF31-7F8851EF0D7F}
	EndGlobalSection
EndGlobal
